
Microsoft Visual Studio Solution File, Format Version 12.00
# Visual Studio Version 16
VisualStudioVersion = 16.0.29709.97
MinimumVisualStudioVersion = 10.0.40219.1
Project("{9A19103F-16F7-4668-BE54-9A1E7A4F7556}") = "Phiddle.Core", "Phiddle.Core\Phiddle.Core.csproj", "{016ED364-BAF9-435F-BFED-D387F6492975}"
EndProject
Project("{FAE04EC0-301F-11D3-BF4B-00C04F79EFBC}") = "Phiddle.Mac", "Phiddle.Mac\Phiddle.Mac.csproj", "{4D92B6FE-4A11-437F-BAA1-1E30D998C621}"
EndProject
Project("{2150E333-8FDC-42A3-9474-1A3956D46DE8}") = "Solution Items", "Solution Items", "{06A4D039-03C0-441F-ACBD-C115B78132A5}"
	ProjectSection(SolutionItems) = preProject
		README.md = README.md
		Phiddle.sln = Phiddle.sln
	EndProjectSection
EndProject
Project("{FAE04EC0-301F-11D3-BF4B-00C04F79EFBC}") = "Phiddle.Win", "Phiddle.Win\Phiddle.Win.csproj", "{380514A3-B9F1-4C8C-ABED-5D50FD1F6D6B}"
EndProject
Global
	GlobalSection(SolutionConfigurationPlatforms) = preSolution
		Debug|Any CPU = Debug|Any CPU
		Release|Any CPU = Release|Any CPU
	EndGlobalSection
	GlobalSection(ProjectConfigurationPlatforms) = postSolution
		{016ED364-BAF9-435F-BFED-D387F6492975}.Debug|Any CPU.ActiveCfg = Debug|Any CPU
		{016ED364-BAF9-435F-BFED-D387F6492975}.Debug|Any CPU.Build.0 = Debug|Any CPU
		{016ED364-BAF9-435F-BFED-D387F6492975}.Release|Any CPU.ActiveCfg = Release|Any CPU
		{016ED364-BAF9-435F-BFED-D387F6492975}.Release|Any CPU.Build.0 = Release|Any CPU
		{4D92B6FE-4A11-437F-BAA1-1E30D998C621}.Debug|Any CPU.ActiveCfg = Debug|Any CPU
		{4D92B6FE-4A11-437F-BAA1-1E30D998C621}.Debug|Any CPU.Build.0 = Debug|Any CPU
		{4D92B6FE-4A11-437F-BAA1-1E30D998C621}.Release|Any CPU.ActiveCfg = Release|Any CPU
		{4D92B6FE-4A11-437F-BAA1-1E30D998C621}.Release|Any CPU.Build.0 = Release|Any CPU
		{380514A3-B9F1-4C8C-ABED-5D50FD1F6D6B}.Debug|Any CPU.ActiveCfg = Debug|Any CPU
		{380514A3-B9F1-4C8C-ABED-5D50FD1F6D6B}.Debug|Any CPU.Build.0 = Debug|Any CPU
		{380514A3-B9F1-4C8C-ABED-5D50FD1F6D6B}.Release|Any CPU.ActiveCfg = Release|Any CPU
		{380514A3-B9F1-4C8C-ABED-5D50FD1F6D6B}.Release|Any CPU.Build.0 = Release|Any CPU
	EndGlobalSection
	GlobalSection(SolutionProperties) = preSolution
		HideSolutionNode = FALSE
	EndGlobalSection
	GlobalSection(ExtensibilityGlobals) = postSolution
		SolutionGuid = {FB5FBCB9-F64C-43D1-AF3D-F5628657BAA4}
	EndGlobalSection
EndGlobal
